// !$*UTF8*$!
{
	archiveVersion = 1;
	classes = {
	};
	objectVersion = 56;
	objects = {

/* Begin PBXBuildFile section */
		22A8C2D32AFB5BB300A8F9EC /* uxlTestAppApp.swift in Sources */ = {isa = PBXBuildFile; fileRef = 22A8C2D22AFB5BB300A8F9EC /* uxlTestAppApp.swift */; };
		22A8C2D52AFB5BB300A8F9EC /* ContentView.swift in Sources */ = {isa = PBXBuildFile; fileRef = 22A8C2D42AFB5BB300A8F9EC /* ContentView.swift */; };
		22A8C2D72AFB5BB500A8F9EC /* Assets.xcassets in Resources */ = {isa = PBXBuildFile; fileRef = 22A8C2D62AFB5BB500A8F9EC /* Assets.xcassets */; };
		22A8C2DA2AFB5BB500A8F9EC /* Preview Assets.xcassets in Resources */ = {isa = PBXBuildFile; fileRef = 22A8C2D92AFB5BB500A8F9EC /* Preview Assets.xcassets */; };
		22A8C2E42AFB5BB600A8F9EC /* uxlTestAppTests.swift in Sources */ = {isa = PBXBuildFile; fileRef = 22A8C2E32AFB5BB600A8F9EC /* uxlTestAppTests.swift */; };
		22A8C2EE2AFB5BB600A8F9EC /* uxlTestAppUITests.swift in Sources */ = {isa = PBXBuildFile; fileRef = 22A8C2ED2AFB5BB600A8F9EC /* uxlTestAppUITests.swift */; };
		22A8C2F02AFB5BB600A8F9EC /* uxlTestAppUITestsLaunchTests.swift in Sources */ = {isa = PBXBuildFile; fileRef = 22A8C2EF2AFB5BB600A8F9EC /* uxlTestAppUITestsLaunchTests.swift */; };
/* End PBXBuildFile section */

/* Begin PBXContainerItemProxy section */
		22A8C2E02AFB5BB600A8F9EC /* PBXContainerItemProxy */ = {
			isa = PBXContainerItemProxy;
			containerPortal = 22A8C2C72AFB5BB300A8F9EC /* Project object */;
			proxyType = 1;
			remoteGlobalIDString = 22A8C2CE2AFB5BB300A8F9EC;
			remoteInfo = uxlTestApp;
		};
		22A8C2EA2AFB5BB600A8F9EC /* PBXContainerItemProxy */ = {
			isa = PBXContainerItemProxy;
			containerPortal = 22A8C2C72AFB5BB300A8F9EC /* Project object */;
			proxyType = 1;
			remoteGlobalIDString = 22A8C2CE2AFB5BB300A8F9EC;
			remoteInfo = uxlTestApp;
		};
/* End PBXContainerItemProxy section */

/* Begin PBXFileReference section */
		22A8C2CF2AFB5BB300A8F9EC /* uxlTestApp.app */ = {isa = PBXFileReference; explicitFileType = wrapper.application; includeInIndex = 0; path = uxlTestApp.app; sourceTree = BUILT_PRODUCTS_DIR; };
		22A8C2D22AFB5BB300A8F9EC /* uxlTestAppApp.swift */ = {isa = PBXFileReference; lastKnownFileType = sourcecode.swift; path = uxlTestAppApp.swift; sourceTree = "<group>"; };
		22A8C2D42AFB5BB300A8F9EC /* ContentView.swift */ = {isa = PBXFileReference; lastKnownFileType = sourcecode.swift; path = ContentView.swift; sourceTree = "<group>"; };
		22A8C2D62AFB5BB500A8F9EC /* Assets.xcassets */ = {isa = PBXFileReference; lastKnownFileType = folder.assetcatalog; path = Assets.xcassets; sourceTree = "<group>"; };
		22A8C2D92AFB5BB500A8F9EC /* Preview Assets.xcassets */ = {isa = PBXFileReference; lastKnownFileType = folder.assetcatalog; path = "Preview Assets.xcassets"; sourceTree = "<group>"; };
		22A8C2DF2AFB5BB600A8F9EC /* uxlTestAppTests.xctest */ = {isa = PBXFileReference; explicitFileType = wrapper.cfbundle; includeInIndex = 0; path = uxlTestAppTests.xctest; sourceTree = BUILT_PRODUCTS_DIR; };
		22A8C2E32AFB5BB600A8F9EC /* uxlTestAppTests.swift */ = {isa = PBXFileReference; lastKnownFileType = sourcecode.swift; path = uxlTestAppTests.swift; sourceTree = "<group>"; };
		22A8C2E92AFB5BB600A8F9EC /* uxlTestAppUITests.xctest */ = {isa = PBXFileReference; explicitFileType = wrapper.cfbundle; includeInIndex = 0; path = uxlTestAppUITests.xctest; sourceTree = BUILT_PRODUCTS_DIR; };
		22A8C2ED2AFB5BB600A8F9EC /* uxlTestAppUITests.swift */ = {isa = PBXFileReference; lastKnownFileType = sourcecode.swift; path = uxlTestAppUITests.swift; sourceTree = "<group>"; };
		22A8C2EF2AFB5BB600A8F9EC /* uxlTestAppUITestsLaunchTests.swift */ = {isa = PBXFileReference; lastKnownFileType = sourcecode.swift; path = uxlTestAppUITestsLaunchTests.swift; sourceTree = "<group>"; };
/* End PBXFileReference section */

/* Begin PBXFrameworksBuildPhase section */
		22A8C2CC2AFB5BB300A8F9EC /* Frameworks */ = {
			isa = PBXFrameworksBuildPhase;
			buildActionMask = 2147483647;
			files = (
			);
			runOnlyForDeploymentPostprocessing = 0;
		};
		22A8C2DC2AFB5BB600A8F9EC /* Frameworks */ = {
			isa = PBXFrameworksBuildPhase;
			buildActionMask = 2147483647;
			files = (
			);
			runOnlyForDeploymentPostprocessing = 0;
		};
		22A8C2E62AFB5BB600A8F9EC /* Frameworks */ = {
			isa = PBXFrameworksBuildPhase;
			buildActionMask = 2147483647;
			files = (
			);
			runOnlyForDeploymentPostprocessing = 0;
		};
/* End PBXFrameworksBuildPhase section */

/* Begin PBXGroup section */
		22A8C2C62AFB5BB300A8F9EC = {
			isa = PBXGroup;
			children = (
				22A8C2D12AFB5BB300A8F9EC /* uxlTestApp */,
				22A8C2E22AFB5BB600A8F9EC /* uxlTestAppTests */,
				22A8C2EC2AFB5BB600A8F9EC /* uxlTestAppUITests */,
				22A8C2D02AFB5BB300A8F9EC /* Products */,
			);
			sourceTree = "<group>";
		};
		22A8C2D02AFB5BB300A8F9EC /* Products */ = {
			isa = PBXGroup;
			children = (
				22A8C2CF2AFB5BB300A8F9EC /* uxlTestApp.app */,
				22A8C2DF2AFB5BB600A8F9EC /* uxlTestAppTests.xctest */,
				22A8C2E92AFB5BB600A8F9EC /* uxlTestAppUITests.xctest */,
			);
			name = Products;
			sourceTree = "<group>";
		};
		22A8C2D12AFB5BB300A8F9EC /* uxlTestApp */ = {
			isa = PBXGroup;
			children = (
				22A8C2D22AFB5BB300A8F9EC /* uxlTestAppApp.swift */,
				22A8C2D42AFB5BB300A8F9EC /* ContentView.swift */,
				22A8C2D62AFB5BB500A8F9EC /* Assets.xcassets */,
				22A8C2D82AFB5BB500A8F9EC /* Preview Content */,
			);
			path = uxlTestApp;
			sourceTree = "<group>";
		};
		22A8C2D82AFB5BB500A8F9EC /* Preview Content */ = {
			isa = PBXGroup;
			children = (
				22A8C2D92AFB5BB500A8F9EC /* Preview Assets.xcassets */,
			);
			path = "Preview Content";
			sourceTree = "<group>";
		};
		22A8C2E22AFB5BB600A8F9EC /* uxlTestAppTests */ = {
			isa = PBXGroup;
			children = (
				22A8C2E32AFB5BB600A8F9EC /* uxlTestAppTests.swift */,
			);
			path = uxlTestAppTests;
			sourceTree = "<group>";
		};
		22A8C2EC2AFB5BB600A8F9EC /* uxlTestAppUITests */ = {
			isa = PBXGroup;
			children = (
				22A8C2ED2AFB5BB600A8F9EC /* uxlTestAppUITests.swift */,
				22A8C2EF2AFB5BB600A8F9EC /* uxlTestAppUITestsLaunchTests.swift */,
			);
			path = uxlTestAppUITests;
			sourceTree = "<group>";
		};
/* End PBXGroup section */

/* Begin PBXNativeTarget section */
		22A8C2CE2AFB5BB300A8F9EC /* uxlTestApp */ = {
			isa = PBXNativeTarget;
			buildConfigurationList = 22A8C2F32AFB5BB600A8F9EC /* Build configuration list for PBXNativeTarget "uxlTestApp" */;
			buildPhases = (
				22A8C2CB2AFB5BB300A8F9EC /* Sources */,
				22A8C2CC2AFB5BB300A8F9EC /* Frameworks */,
				22A8C2CD2AFB5BB300A8F9EC /* Resources */,
			);
			buildRules = (
			);
			dependencies = (
			);
			name = uxlTestApp;
			productName = uxlTestApp;
			productReference = 22A8C2CF2AFB5BB300A8F9EC /* uxlTestApp.app */;
			productType = "com.apple.product-type.application";
		};
		22A8C2DE2AFB5BB600A8F9EC /* uxlTestAppTests */ = {
			isa = PBXNativeTarget;
			buildConfigurationList = 22A8C2F62AFB5BB600A8F9EC /* Build configuration list for PBXNativeTarget "uxlTestAppTests" */;
			buildPhases = (
				22A8C2DB2AFB5BB600A8F9EC /* Sources */,
				22A8C2DC2AFB5BB600A8F9EC /* Frameworks */,
				22A8C2DD2AFB5BB600A8F9EC /* Resources */,
			);
			buildRules = (
			);
			dependencies = (
				22A8C2E12AFB5BB600A8F9EC /* PBXTargetDependency */,
			);
			name = uxlTestAppTests;
			productName = uxlTestAppTests;
			productReference = 22A8C2DF2AFB5BB600A8F9EC /* uxlTestAppTests.xctest */;
			productType = "com.apple.product-type.bundle.unit-test";
		};
		22A8C2E82AFB5BB600A8F9EC /* uxlTestAppUITests */ = {
			isa = PBXNativeTarget;
			buildConfigurationList = 22A8C2F92AFB5BB600A8F9EC /* Build configuration list for PBXNativeTarget "uxlTestAppUITests" */;
			buildPhases = (
				22A8C2E52AFB5BB600A8F9EC /* Sources */,
				22A8C2E62AFB5BB600A8F9EC /* Frameworks */,
				22A8C2E72AFB5BB600A8F9EC /* Resources */,
			);
			buildRules = (
			);
			dependencies = (
				22A8C2EB2AFB5BB600A8F9EC /* PBXTargetDependency */,
			);
			name = uxlTestAppUITests;
			productName = uxlTestAppUITests;
			productReference = 22A8C2E92AFB5BB600A8F9EC /* uxlTestAppUITests.xctest */;
			productType = "com.apple.product-type.bundle.ui-testing";
		};
/* End PBXNativeTarget section */

/* Begin PBXProject section */
		22A8C2C72AFB5BB300A8F9EC /* Project object */ = {
			isa = PBXProject;
			attributes = {
				BuildIndependentTargetsInParallel = 1;
				LastSwiftUpdateCheck = 1500;
				LastUpgradeCheck = 1500;
				TargetAttributes = {
					22A8C2CE2AFB5BB300A8F9EC = {
						CreatedOnToolsVersion = 15.0.1;
					};
					22A8C2DE2AFB5BB600A8F9EC = {
						CreatedOnToolsVersion = 15.0.1;
						TestTargetID = 22A8C2CE2AFB5BB300A8F9EC;
					};
					22A8C2E82AFB5BB600A8F9EC = {
						CreatedOnToolsVersion = 15.0.1;
						TestTargetID = 22A8C2CE2AFB5BB300A8F9EC;
					};
				};
			};
			buildConfigurationList = 22A8C2CA2AFB5BB300A8F9EC /* Build configuration list for PBXProject "uxlTestApp" */;
			compatibilityVersion = "Xcode 14.0";
			developmentRegion = en;
			hasScannedForEncodings = 0;
			knownRegions = (
				en,
				Base,
			);
			mainGroup = 22A8C2C62AFB5BB300A8F9EC;
			productRefGroup = 22A8C2D02AFB5BB300A8F9EC /* Products */;
			projectDirPath = "";
			projectRoot = "";
			targets = (
				22A8C2CE2AFB5BB300A8F9EC /* uxlTestApp */,
				22A8C2DE2AFB5BB600A8F9EC /* uxlTestAppTests */,
				22A8C2E82AFB5BB600A8F9EC /* uxlTestAppUITests */,
			);
		};
/* End PBXProject section */

/* Begin PBXResourcesBuildPhase section */
		22A8C2CD2AFB5BB300A8F9EC /* Resources */ = {
			isa = PBXResourcesBuildPhase;
			buildActionMask = 2147483647;
			files = (
				22A8C2DA2AFB5BB500A8F9EC /* Preview Assets.xcassets in Resources */,
				22A8C2D72AFB5BB500A8F9EC /* Assets.xcassets in Resources */,
			);
			runOnlyForDeploymentPostprocessing = 0;
		};
		22A8C2DD2AFB5BB600A8F9EC /* Resources */ = {
			isa = PBXResourcesBuildPhase;
			buildActionMask = 2147483647;
			files = (
			);
			runOnlyForDeploymentPostprocessing = 0;
		};
		22A8C2E72AFB5BB600A8F9EC /* Resources */ = {
			isa = PBXResourcesBuildPhase;
			buildActionMask = 2147483647;
			files = (
			);
			runOnlyForDeploymentPostprocessing = 0;
		};
/* End PBXResourcesBuildPhase section */

/* Begin PBXSourcesBuildPhase section */
		22A8C2CB2AFB5BB300A8F9EC /* Sources */ = {
			isa = PBXSourcesBuildPhase;
			buildActionMask = 2147483647;
			files = (
				22A8C2D52AFB5BB300A8F9EC /* ContentView.swift in Sources */,
				22A8C2D32AFB5BB300A8F9EC /* uxlTestAppApp.swift in Sources */,
			);
			runOnlyForDeploymentPostprocessing = 0;
		};
		22A8C2DB2AFB5BB600A8F9EC /* Sources */ = {
			isa = PBXSourcesBuildPhase;
			buildActionMask = 2147483647;
			files = (
				22A8C2E42AFB5BB600A8F9EC /* uxlTestAppTests.swift in Sources */,
			);
			runOnlyForDeploymentPostprocessing = 0;
		};
		22A8C2E52AFB5BB600A8F9EC /* Sources */ = {
			isa = PBXSourcesBuildPhase;
			buildActionMask = 2147483647;
			files = (
				22A8C2F02AFB5BB600A8F9EC /* uxlTestAppUITestsLaunchTests.swift in Sources */,
				22A8C2EE2AFB5BB600A8F9EC /* uxlTestAppUITests.swift in Sources */,
			);
			runOnlyForDeploymentPostprocessing = 0;
		};
/* End PBXSourcesBuildPhase section */

/* Begin PBXTargetDependency section */
		22A8C2E12AFB5BB600A8F9EC /* PBXTargetDependency */ = {
			isa = PBXTargetDependency;
			target = 22A8C2CE2AFB5BB300A8F9EC /* uxlTestApp */;
			targetProxy = 22A8C2E02AFB5BB600A8F9EC /* PBXContainerItemProxy */;
		};
		22A8C2EB2AFB5BB600A8F9EC /* PBXTargetDependency */ = {
			isa = PBXTargetDependency;
			target = 22A8C2CE2AFB5BB300A8F9EC /* uxlTestApp */;
			targetProxy = 22A8C2EA2AFB5BB600A8F9EC /* PBXContainerItemProxy */;
		};
/* End PBXTargetDependency section */

/* Begin XCBuildConfiguration section */
		22A8C2F12AFB5BB600A8F9EC /* Debug */ = {
			isa = XCBuildConfiguration;
			buildSettings = {
				ALWAYS_SEARCH_USER_PATHS = NO;
				ASSETCATALOG_COMPILER_GENERATE_SWIFT_ASSET_SYMBOL_EXTENSIONS = YES;
				CLANG_ANALYZER_NONNULL = YES;
				CLANG_ANALYZER_NUMBER_OBJECT_CONVERSION = YES_AGGRESSIVE;
				CLANG_CXX_LANGUAGE_STANDARD = "gnu++20";
				CLANG_ENABLE_MODULES = YES;
				CLANG_ENABLE_OBJC_ARC = YES;
				CLANG_ENABLE_OBJC_WEAK = YES;
				CLANG_WARN_BLOCK_CAPTURE_AUTORELEASING = YES;
				CLANG_WARN_BOOL_CONVERSION = YES;
				CLANG_WARN_COMMA = YES;
				CLANG_WARN_CONSTANT_CONVERSION = YES;
				CLANG_WARN_DEPRECATED_OBJC_IMPLEMENTATIONS = YES;
				CLANG_WARN_DIRECT_OBJC_ISA_USAGE = YES_ERROR;
				CLANG_WARN_DOCUMENTATION_COMMENTS = YES;
				CLANG_WARN_EMPTY_BODY = YES;
				CLANG_WARN_ENUM_CONVERSION = YES;
				CLANG_WARN_INFINITE_RECURSION = YES;
				CLANG_WARN_INT_CONVERSION = YES;
				CLANG_WARN_NON_LITERAL_NULL_CONVERSION = YES;
				CLANG_WARN_OBJC_IMPLICIT_RETAIN_SELF = YES;
				CLANG_WARN_OBJC_LITERAL_CONVERSION = YES;
				CLANG_WARN_OBJC_ROOT_CLASS = YES_ERROR;
				CLANG_WARN_QUOTED_INCLUDE_IN_FRAMEWORK_HEADER = YES;
				CLANG_WARN_RANGE_LOOP_ANALYSIS = YES;
				CLANG_WARN_STRICT_PROTOTYPES = YES;
				CLANG_WARN_SUSPICIOUS_MOVE = YES;
				CLANG_WARN_UNGUARDED_AVAILABILITY = YES_AGGRESSIVE;
				CLANG_WARN_UNREACHABLE_CODE = YES;
				CLANG_WARN__DUPLICATE_METHOD_MATCH = YES;
				COPY_PHASE_STRIP = NO;
				DEBUG_INFORMATION_FORMAT = dwarf;
				ENABLE_STRICT_OBJC_MSGSEND = YES;
				ENABLE_TESTABILITY = YES;
				ENABLE_USER_SCRIPT_SANDBOXING = YES;
				GCC_C_LANGUAGE_STANDARD = gnu17;
				GCC_DYNAMIC_NO_PIC = NO;
				GCC_NO_COMMON_BLOCKS = YES;
				GCC_OPTIMIZATION_LEVEL = 0;
				GCC_PREPROCESSOR_DEFINITIONS = (
					"DEBUG=1",
					"$(inherited)",
				);
				GCC_WARN_64_TO_32_BIT_CONVERSION = YES;
				GCC_WARN_ABOUT_RETURN_TYPE = YES_ERROR;
				GCC_WARN_UNDECLARED_SELECTOR = YES;
				GCC_WARN_UNINITIALIZED_AUTOS = YES_AGGRESSIVE;
				GCC_WARN_UNUSED_FUNCTION = YES;
				GCC_WARN_UNUSED_VARIABLE = YES;
				IPHONEOS_DEPLOYMENT_TARGET = 17.0;
				LOCALIZATION_PREFERS_STRING_CATALOGS = YES;
				MTL_ENABLE_DEBUG_INFO = INCLUDE_SOURCE;
				MTL_FAST_MATH = YES;
				ONLY_ACTIVE_ARCH = YES;
				SDKROOT = iphoneos;
				SWIFT_ACTIVE_COMPILATION_CONDITIONS = "DEBUG $(inherited)";
				SWIFT_OPTIMIZATION_LEVEL = "-Onone";
			};
			name = Debug;
		};
		22A8C2F22AFB5BB600A8F9EC /* Release */ = {
			isa = XCBuildConfiguration;
			buildSettings = {
				ALWAYS_SEARCH_USER_PATHS = NO;
				ASSETCATALOG_COMPILER_GENERATE_SWIFT_ASSET_SYMBOL_EXTENSIONS = YES;
				CLANG_ANALYZER_NONNULL = YES;
				CLANG_ANALYZER_NUMBER_OBJECT_CONVERSION = YES_AGGRESSIVE;
				CLANG_CXX_LANGUAGE_STANDARD = "gnu++20";
				CLANG_ENABLE_MODULES = YES;
				CLANG_ENABLE_OBJC_ARC = YES;
				CLANG_ENABLE_OBJC_WEAK = YES;
				CLANG_WARN_BLOCK_CAPTURE_AUTORELEASING = YES;
				CLANG_WARN_BOOL_CONVERSION = YES;
				CLANG_WARN_COMMA = YES;
				CLANG_WARN_CONSTANT_CONVERSION = YES;
				CLANG_WARN_DEPRECATED_OBJC_IMPLEMENTATIONS = YES;
				CLANG_WARN_DIRECT_OBJC_ISA_USAGE = YES_ERROR;
				CLANG_WARN_DOCUMENTATION_COMMENTS = YES;
				CLANG_WARN_EMPTY_BODY = YES;
				CLANG_WARN_ENUM_CONVERSION = YES;
				CLANG_WARN_INFINITE_RECURSION = YES;
				CLANG_WARN_INT_CONVERSION = YES;
				CLANG_WARN_NON_LITERAL_NULL_CONVERSION = YES;
				CLANG_WARN_OBJC_IMPLICIT_RETAIN_SELF = YES;
				CLANG_WARN_OBJC_LITERAL_CONVERSION = YES;
				CLANG_WARN_OBJC_ROOT_CLASS = YES_ERROR;
				CLANG_WARN_QUOTED_INCLUDE_IN_FRAMEWORK_HEADER = YES;
				CLANG_WARN_RANGE_LOOP_ANALYSIS = YES;
				CLANG_WARN_STRICT_PROTOTYPES = YES;
				CLANG_WARN_SUSPICIOUS_MOVE = YES;
				CLANG_WARN_UNGUARDED_AVAILABILITY = YES_AGGRESSIVE;
				CLANG_WARN_UNREACHABLE_CODE = YES;
				CLANG_WARN__DUPLICATE_METHOD_MATCH = YES;
				COPY_PHASE_STRIP = NO;
				DEBUG_INFORMATION_FORMAT = "dwarf-with-dsym";
				ENABLE_NS_ASSERTIONS = NO;
				ENABLE_STRICT_OBJC_MSGSEND = YES;
				ENABLE_USER_SCRIPT_SANDBOXING = YES;
				GCC_C_LANGUAGE_STANDARD = gnu17;
				GCC_NO_COMMON_BLOCKS = YES;
				GCC_WARN_64_TO_32_BIT_CONVERSION = YES;
				GCC_WARN_ABOUT_RETURN_TYPE = YES_ERROR;
				GCC_WARN_UNDECLARED_SELECTOR = YES;
				GCC_WARN_UNINITIALIZED_AUTOS = YES_AGGRESSIVE;
				GCC_WARN_UNUSED_FUNCTION = YES;
				GCC_WARN_UNUSED_VARIABLE = YES;
				IPHONEOS_DEPLOYMENT_TARGET = 17.0;
				LOCALIZATION_PREFERS_STRING_CATALOGS = YES;
				MTL_ENABLE_DEBUG_INFO = NO;
				MTL_FAST_MATH = YES;
				SDKROOT = iphoneos;
				SWIFT_COMPILATION_MODE = wholemodule;
				VALIDATE_PRODUCT = YES;
			};
			name = Release;
		};
		22A8C2F42AFB5BB600A8F9EC /* Debug */ = {
			isa = XCBuildConfiguration;
			buildSettings = {
				ASSETCATALOG_COMPILER_APPICON_NAME = AppIcon;
				ASSETCATALOG_COMPILER_GLOBAL_ACCENT_COLOR_NAME = AccentColor;
				CODE_SIGN_STYLE = Automatic;
				CURRENT_PROJECT_VERSION = 1;
				DEVELOPMENT_ASSET_PATHS = "\"uxlTestApp/Preview Content\"";
				DEVELOPMENT_TEAM = 9GTU9T7XQ4;
				ENABLE_PREVIEWS = YES;
				GENERATE_INFOPLIST_FILE = YES;
				INFOPLIST_KEY_UIApplicationSceneManifest_Generation = YES;
				INFOPLIST_KEY_UIApplicationSupportsIndirectInputEvents = YES;
				INFOPLIST_KEY_UILaunchScreen_Generation = YES;
				INFOPLIST_KEY_UISupportedInterfaceOrientations_iPad = "UIInterfaceOrientationPortrait UIInterfaceOrientationPortraitUpsideDown UIInterfaceOrientationLandscapeLeft UIInterfaceOrientationLandscapeRight";
				INFOPLIST_KEY_UISupportedInterfaceOrientations_iPhone = "UIInterfaceOrientationPortrait UIInterfaceOrientationLandscapeLeft UIInterfaceOrientationLandscapeRight";
				LD_RUNPATH_SEARCH_PATHS = (
					"$(inherited)",
					"@executable_path/Frameworks",
				);
				MARKETING_VERSION = 1.0;
				PRODUCT_BUNDLE_IDENTIFIER = uxl.uxlTestApp;
				PRODUCT_NAME = "$(TARGET_NAME)";
				SWIFT_EMIT_LOC_STRINGS = YES;
				SWIFT_VERSION = 5.0;
				TARGETED_DEVICE_FAMILY = "1,2";
			};
			name = Debug;
		};
		22A8C2F52AFB5BB600A8F9EC /* Release */ = {
			isa = XCBuildConfiguration;
			buildSettings = {
				ASSETCATALOG_COMPILER_APPICON_NAME = AppIcon;
				ASSETCATALOG_COMPILER_GLOBAL_ACCENT_COLOR_NAME = AccentColor;
				CODE_SIGN_STYLE = Automatic;
				CURRENT_PROJECT_VERSION = 1;
				DEVELOPMENT_ASSET_PATHS = "\"uxlTestApp/Preview Content\"";
				DEVELOPMENT_TEAM = 9GTU9T7XQ4;
				ENABLE_PREVIEWS = YES;
				GENERATE_INFOPLIST_FILE = YES;
				INFOPLIST_KEY_UIApplicationSceneManifest_Generation = YES;
				INFOPLIST_KEY_UIApplicationSupportsIndirectInputEvents = YES;
				INFOPLIST_KEY_UILaunchScreen_Generation = YES;
				INFOPLIST_KEY_UISupportedInterfaceOrientations_iPad = "UIInterfaceOrientationPortrait UIInterfaceOrientationPortraitUpsideDown UIInterfaceOrientationLandscapeLeft UIInterfaceOrientationLandscapeRight";
				INFOPLIST_KEY_UISupportedInterfaceOrientations_iPhone = "UIInterfaceOrientationPortrait UIInterfaceOrientationLandscapeLeft UIInterfaceOrientationLandscapeRight";
				LD_RUNPATH_SEARCH_PATHS = (
					"$(inherited)",
					"@executable_path/Frameworks",
				);
				MARKETING_VERSION = 1.0;
				PRODUCT_BUNDLE_IDENTIFIER = uxl.uxlTestApp;
				PRODUCT_NAME = "$(TARGET_NAME)";
				SWIFT_EMIT_LOC_STRINGS = YES;
				SWIFT_VERSION = 5.0;
				TARGETED_DEVICE_FAMILY = "1,2";
			};
			name = Release;
		};
		22A8C2F72AFB5BB600A8F9EC /* Debug */ = {
			isa = XCBuildConfiguration;
			buildSettings = {
				ALWAYS_EMBED_SWIFT_STANDARD_LIBRARIES = YES;
				BUNDLE_LOADER = "$(TEST_HOST)";
				CODE_SIGN_STYLE = Automatic;
				CURRENT_PROJECT_VERSION = 1;
				DEVELOPMENT_TEAM = 9GTU9T7XQ4;
				GENERATE_INFOPLIST_FILE = YES;
				IPHONEOS_DEPLOYMENT_TARGET = 17.0;
				MARKETING_VERSION = 1.0;
				PRODUCT_BUNDLE_IDENTIFIER = uxl.uxlTestAppTests;
				PRODUCT_NAME = "$(TARGET_NAME)";
				SWIFT_EMIT_LOC_STRINGS = NO;
				SWIFT_VERSION = 5.0;
				TARGETED_DEVICE_FAMILY = "1,2";
				TEST_HOST = "$(BUILT_PRODUCTS_DIR)/uxlTestApp.app/$(BUNDLE_EXECUTABLE_FOLDER_PATH)/uxlTestApp";
			};
			name = Debug;
		};
		22A8C2F82AFB5BB600A8F9EC /* Release */ = {
			isa = XCBuildConfiguration;
			buildSettings = {
				ALWAYS_EMBED_SWIFT_STANDARD_LIBRARIES = YES;
				BUNDLE_LOADER = "$(TEST_HOST)";
				CODE_SIGN_STYLE = Automatic;
				CURRENT_PROJECT_VERSION = 1;
				DEVELOPMENT_TEAM = 9GTU9T7XQ4;
				GENERATE_INFOPLIST_FILE = YES;
				IPHONEOS_DEPLOYMENT_TARGET = 17.0;
				MARKETING_VERSION = 1.0;
				PRODUCT_BUNDLE_IDENTIFIER = uxl.uxlTestAppTests;
				PRODUCT_NAME = "$(TARGET_NAME)";
				SWIFT_EMIT_LOC_STRINGS = NO;
				SWIFT_VERSION = 5.0;
				TARGETED_DEVICE_FAMILY = "1,2";
				TEST_HOST = "$(BUILT_PRODUCTS_DIR)/uxlTestApp.app/$(BUNDLE_EXECUTABLE_FOLDER_PATH)/uxlTestApp";
			};
			name = Release;
		};
		22A8C2FA2AFB5BB600A8F9EC /* Debug */ = {
			isa = XCBuildConfiguration;
			buildSettings = {
				ALWAYS_EMBED_SWIFT_STANDARD_LIBRARIES = YES;
				CODE_SIGN_STYLE = Automatic;
				CURRENT_PROJECT_VERSION = 1;
				DEVELOPMENT_TEAM = 9GTU9T7XQ4;
				GENERATE_INFOPLIST_FILE = YES;
				MARKETING_VERSION = 1.0;
				PRODUCT_BUNDLE_IDENTIFIER = uxl.uxlTestAppUITests;
				PRODUCT_NAME = "$(TARGET_NAME)";
				SWIFT_EMIT_LOC_STRINGS = NO;
				SWIFT_VERSION = 5.0;
				TARGETED_DEVICE_FAMILY = "1,2";
				TEST_TARGET_NAME = uxlTestApp;
			};
			name = Debug;
		};
		22A8C2FB2AFB5BB600A8F9EC /* Release */ = {
			isa = XCBuildConfiguration;
			buildSettings = {
				ALWAYS_EMBED_SWIFT_STANDARD_LIBRARIES = YES;
				CODE_SIGN_STYLE = Automatic;
				CURRENT_PROJECT_VERSION = 1;
				DEVELOPMENT_TEAM = 9GTU9T7XQ4;
				GENERATE_INFOPLIST_FILE = YES;
				MARKETING_VERSION = 1.0;
				PRODUCT_BUNDLE_IDENTIFIER = uxl.uxlTestAppUITests;
				PRODUCT_NAME = "$(TARGET_NAME)";
				SWIFT_EMIT_LOC_STRINGS = NO;
				SWIFT_VERSION = 5.0;
				TARGETED_DEVICE_FAMILY = "1,2";
				TEST_TARGET_NAME = uxlTestApp;
			};
			name = Release;
		};
/* End XCBuildConfiguration section */

/* Begin XCConfigurationList section */
		22A8C2CA2AFB5BB300A8F9EC /* Build configuration list for PBXProject "uxlTestApp" */ = {
			isa = XCConfigurationList;
			buildConfigurations = (
				22A8C2F12AFB5BB600A8F9EC /* Debug */,
				22A8C2F22AFB5BB600A8F9EC /* Release */,
			);
			defaultConfigurationIsVisible = 0;
			defaultConfigurationName = Release;
		};
		22A8C2F32AFB5BB600A8F9EC /* Build configuration list for PBXNativeTarget "uxlTestApp" */ = {
			isa = XCConfigurationList;
			buildConfigurations = (
				22A8C2F42AFB5BB600A8F9EC /* Debug */,
				22A8C2F52AFB5BB600A8F9EC /* Release */,
			);
			defaultConfigurationIsVisible = 0;
			defaultConfigurationName = Release;
		};
		22A8C2F62AFB5BB600A8F9EC /* Build configuration list for PBXNativeTarget "uxlTestAppTests" */ = {
			isa = XCConfigurationList;
			buildConfigurations = (
				22A8C2F72AFB5BB600A8F9EC /* Debug */,
				22A8C2F82AFB5BB600A8F9EC /* Release */,
			);
			defaultConfigurationIsVisible = 0;
			defaultConfigurationName = Release;
		};
		22A8C2F92AFB5BB600A8F9EC /* Build configuration list for PBXNativeTarget "uxlTestAppUITests" */ = {
			isa = XCConfigurationList;
			buildConfigurations = (
				22A8C2FA2AFB5BB600A8F9EC /* Debug */,
				22A8C2FB2AFB5BB600A8F9EC /* Release */,
			);
			defaultConfigurationIsVisible = 0;
			defaultConfigurationName = Release;
		};
/* End XCConfigurationList section */
	};
	rootObject = 22A8C2C72AFB5BB300A8F9EC /* Project object */;
}
